// !$*UTF8*$!
{
	archiveVersion = 1;
	classes = {
	};
	objectVersion = 50;
	objects = {

/* Begin PBXBuildFile section */
		1107C07F21E594EB001C6DF2 /* AppDelegate.swift in Sources */ = {isa = PBXBuildFile; fileRef = 1107C07E21E594EB001C6DF2 /* AppDelegate.swift */; };
		1107C08121E594EB001C6DF2 /* ViewController.swift in Sources */ = {isa = PBXBuildFile; fileRef = 1107C08021E594EB001C6DF2 /* ViewController.swift */; };
		1107C08421E594EB001C6DF2 /* Main.storyboard in Resources */ = {isa = PBXBuildFile; fileRef = 1107C08221E594EB001C6DF2 /* Main.storyboard */; };
		1107C08621E594ED001C6DF2 /* Assets.xcassets in Resources */ = {isa = PBXBuildFile; fileRef = 1107C08521E594ED001C6DF2 /* Assets.xcassets */; };
		1107C08921E594ED001C6DF2 /* LaunchScreen.storyboard in Resources */ = {isa = PBXBuildFile; fileRef = 1107C08721E594ED001C6DF2 /* LaunchScreen.storyboard */; };
		1107C09321E59665001C6DF2 /* timg.gif in Resources */ = {isa = PBXBuildFile; fileRef = 1107C09221E59665001C6DF2 /* timg.gif */; };
		1107C09521E5C904001C6DF2 /* XTAnimatedImageView.swift in Sources */ = {isa = PBXBuildFile; fileRef = 1107C09421E5C904001C6DF2 /* XTAnimatedImageView.swift */; };
/* End PBXBuildFile section */

/* Begin PBXFileReference section */
		1107C07B21E594EB001C6DF2 /* GIF加载.app */ = {isa = PBXFileReference; explicitFileType = wrapper.application; includeInIndex = 0; path = "GIF加载.app"; sourceTree = BUILT_PRODUCTS_DIR; };
		1107C07E21E594EB001C6DF2 /* AppDelegate.swift */ = {isa = PBXFileReference; lastKnownFileType = sourcecode.swift; path = AppDelegate.swift; sourceTree = "<group>"; };
		1107C08021E594EB001C6DF2 /* ViewController.swift */ = {isa = PBXFileReference; lastKnownFileType = sourcecode.swift; path = ViewController.swift; sourceTree = "<group>"; };
		1107C08321E594EB001C6DF2 /* Base */ = {isa = PBXFileReference; lastKnownFileType = file.storyboard; name = Base; path = Base.lproj/Main.storyboard; sourceTree = "<group>"; };
		1107C08521E594ED001C6DF2 /* Assets.xcassets */ = {isa = PBXFileReference; lastKnownFileType = folder.assetcatalog; path = Assets.xcassets; sourceTree = "<group>"; };
		1107C08821E594ED001C6DF2 /* Base */ = {isa = PBXFileReference; lastKnownFileType = file.storyboard; name = Base; path = Base.lproj/LaunchScreen.storyboard; sourceTree = "<group>"; };
		1107C08A21E594ED001C6DF2 /* Info.plist */ = {isa = PBXFileReference; lastKnownFileType = text.plist.xml; path = Info.plist; sourceTree = "<group>"; };
		1107C09221E59665001C6DF2 /* timg.gif */ = {isa = PBXFileReference; lastKnownFileType = image.gif; path = timg.gif; sourceTree = "<group>"; };
		1107C09421E5C904001C6DF2 /* XTAnimatedImageView.swift */ = {isa = PBXFileReference; lastKnownFileType = sourcecode.swift; path = XTAnimatedImageView.swift; sourceTree = "<group>"; };
/* End PBXFileReference section */

/* Begin PBXFrameworksBuildPhase section */
		1107C07821E594EB001C6DF2 /* Frameworks */ = {
			isa = PBXFrameworksBuildPhase;
			buildActionMask = 2147483647;
			files = (
			);
			runOnlyForDeploymentPostprocessing = 0;
		};
/* End PBXFrameworksBuildPhase section */

/* Begin PBXGroup section */
		1107C07221E594EB001C6DF2 = {
			isa = PBXGroup;
			children = (
				1107C07D21E594EB001C6DF2 /* GIF加载 */,
				1107C07C21E594EB001C6DF2 /* Products */,
			);
			sourceTree = "<group>";
		};
		1107C07C21E594EB001C6DF2 /* Products */ = {
			isa = PBXGroup;
			children = (
				1107C07B21E594EB001C6DF2 /* GIF加载.app */,
			);
			name = Products;
			sourceTree = "<group>";
		};
		1107C07D21E594EB001C6DF2 /* GIF加载 */ = {
			isa = PBXGroup;
			children = (
				1107C09221E59665001C6DF2 /* timg.gif */,
				1107C07E21E594EB001C6DF2 /* AppDelegate.swift */,
				1107C08021E594EB001C6DF2 /* ViewController.swift */,
				1107C09421E5C904001C6DF2 /* XTAnimatedImageView.swift */,
				1107C08221E594EB001C6DF2 /* Main.storyboard */,
				1107C08521E594ED001C6DF2 /* Assets.xcassets */,
				1107C08721E594ED001C6DF2 /* LaunchScreen.storyboard */,
				1107C08A21E594ED001C6DF2 /* Info.plist */,
			);
			path = "GIF加载";
			sourceTree = "<group>";
		};
/* End PBXGroup section */

/* Begin PBXNativeTarget section */
		1107C07A21E594EB001C6DF2 /* GIF加载 */ = {
			isa = PBXNativeTarget;
			buildConfigurationList = 1107C08D21E594ED001C6DF2 /* Build configuration list for PBXNativeTarget "GIF加载" */;
			buildPhases = (
				1107C07721E594EB001C6DF2 /* Sources */,
				1107C07821E594EB001C6DF2 /* Frameworks */,
				1107C07921E594EB001C6DF2 /* Resources */,
			);
			buildRules = (
			);
			dependencies = (
			);
			name = "GIF加载";
			productName = "GIF加载";
			productReference = 1107C07B21E594EB001C6DF2 /* GIF加载.app */;
			productType = "com.apple.product-type.application";
		};
/* End PBXNativeTarget section */

/* Begin PBXProject section */
		1107C07321E594EB001C6DF2 /* Project object */ = {
			isa = PBXProject;
			attributes = {
				LastSwiftUpdateCheck = 1010;
				LastUpgradeCheck = 1010;
				ORGANIZATIONNAME = "汉子MacBook－Pro";
				TargetAttributes = {
					1107C07A21E594EB001C6DF2 = {
						CreatedOnToolsVersion = 10.1;
					};
				};
			};
			buildConfigurationList = 1107C07621E594EB001C6DF2 /* Build configuration list for PBXProject "GIF加载" */;
			compatibilityVersion = "Xcode 9.3";
			developmentRegion = en;
			hasScannedForEncodings = 0;
			knownRegions = (
				en,
				Base,
			);
			mainGroup = 1107C07221E594EB001C6DF2;
			productRefGroup = 1107C07C21E594EB001C6DF2 /* Products */;
			projectDirPath = "";
			projectRoot = "";
			targets = (
				1107C07A21E594EB001C6DF2 /* GIF加载 */,
			);
		};
/* End PBXProject section */

/* Begin PBXResourcesBuildPhase section */
		1107C07921E594EB001C6DF2 /* Resources */ = {
			isa = PBXResourcesBuildPhase;
			buildActionMask = 2147483647;
			files = (
				1107C08921E594ED001C6DF2 /* LaunchScreen.storyboard in Resources */,
				1107C09321E59665001C6DF2 /* timg.gif in Resources */,
				1107C08621E594ED001C6DF2 /* Assets.xcassets in Resources */,
				1107C08421E594EB001C6DF2 /* Main.storyboard in Resources */,
			);
			runOnlyForDeploymentPostprocessing = 0;
		};
/* End PBXResourcesBuildPhase section */

/* Begin PBXSourcesBuildPhase section */
		1107C07721E594EB001C6DF2 /* Sources */ = {
			isa = PBXSourcesBuildPhase;
			buildActionMask = 2147483647;
			files = (
				1107C09521E5C904001C6DF2 /* XTAnimatedImageView.swift in Sources */,
				1107C08121E594EB001C6DF2 /* ViewController.swift in Sources */,
				1107C07F21E594EB001C6DF2 /* AppDelegate.swift in Sources */,
			);
			runOnlyForDeploymentPostprocessing = 0;
		};
/* End PBXSourcesBuildPhase section */

/* Begin PBXVariantGroup section */
		1107C08221E594EB001C6DF2 /* Main.storyboard */ = {
			isa = PBXVariantGroup;
			children = (
				1107C08321E594EB001C6DF2 /* Base */,
			);
			name = Main.storyboard;
			sourceTree = "<group>";
		};
		1107C08721E594ED001C6DF2 /* LaunchScreen.storyboard */ = {
			isa = PBXVariantGroup;
			children = (
				1107C08821E594ED001C6DF2 /* Base */,
			);
			name = LaunchScreen.storyboard;
			sourceTree = "<group>";
		};
/* End PBXVariantGroup section */

/* Begin XCBuildConfiguration section */
		1107C08B21E594ED001C6DF2 /* Debug */ = {
			isa = XCBuildConfiguration;
			buildSettings = {
				ALWAYS_SEARCH_USER_PATHS = NO;
				CLANG_ANALYZER_NONNULL = YES;
				CLANG_ANALYZER_NUMBER_OBJECT_CONVERSION = YES_AGGRESSIVE;
				CLANG_CXX_LANGUAGE_STANDARD = "gnu++14";
				CLANG_CXX_LIBRARY = "libc++";
				CLANG_ENABLE_MODULES = YES;
				CLANG_ENABLE_OBJC_ARC = YES;
				CLANG_ENABLE_OBJC_WEAK = YES;
				CLANG_WARN_BLOCK_CAPTURE_AUTORELEASING = YES;
				CLANG_WARN_BOOL_CONVERSION = YES;
				CLANG_WARN_COMMA = YES;
				CLANG_WARN_CONSTANT_CONVERSION = YES;
				CLANG_WARN_DEPRECATED_OBJC_IMPLEMENTATIONS = YES;
				CLANG_WARN_DIRECT_OBJC_ISA_USAGE = YES_ERROR;
				CLANG_WARN_DOCUMENTATION_COMMENTS = YES;
				CLANG_WARN_EMPTY_BODY = YES;
				CLANG_WARN_ENUM_CONVERSION = YES;
				CLANG_WARN_INFINITE_RECURSION = YES;
				CLANG_WARN_INT_CONVERSION = YES;
				CLANG_WARN_NON_LITERAL_NULL_CONVERSION = YES;
				CLANG_WARN_OBJC_IMPLICIT_RETAIN_SELF = YES;
				CLANG_WARN_OBJC_LITERAL_CONVERSION = YES;
				CLANG_WARN_OBJC_ROOT_CLASS = YES_ERROR;
				CLANG_WARN_RANGE_LOOP_ANALYSIS = YES;
				CLANG_WARN_STRICT_PROTOTYPES = YES;
				CLANG_WARN_SUSPICIOUS_MOVE = YES;
				CLANG_WARN_UNGUARDED_AVAILABILITY = YES_AGGRESSIVE;
				CLANG_WARN_UNREACHABLE_CODE = YES;
				CLANG_WARN__DUPLICATE_METHOD_MATCH = YES;
				CODE_SIGN_IDENTITY = "iPhone Developer";
				COPY_PHASE_STRIP = NO;
				DEBUG_INFORMATION_FORMAT = dwarf;
				ENABLE_STRICT_OBJC_MSGSEND = YES;
				ENABLE_TESTABILITY = YES;
				GCC_C_LANGUAGE_STANDARD = gnu11;
				GCC_DYNAMIC_NO_PIC = NO;
				GCC_NO_COMMON_BLOCKS = YES;
				GCC_OPTIMIZATION_LEVEL = 0;
				GCC_PREPROCESSOR_DEFINITIONS = (
					"DEBUG=1",
					"$(inherited)",
				);
				GCC_WARN_64_TO_32_BIT_CONVERSION = YES;
				GCC_WARN_ABOUT_RETURN_TYPE = YES_ERROR;
				GCC_WARN_UNDECLARED_SELECTOR = YES;
				GCC_WARN_UNINITIALIZED_AUTOS = YES_AGGRESSIVE;
				GCC_WARN_UNUSED_FUNCTION = YES;
				GCC_WARN_UNUSED_VARIABLE = YES;
				IPHONEOS_DEPLOYMENT_TARGET = 12.1;
				MTL_ENABLE_DEBUG_INFO = INCLUDE_SOURCE;
				MTL_FAST_MATH = YES;
				ONLY_ACTIVE_ARCH = YES;
				SDKROOT = iphoneos;
				SWIFT_ACTIVE_COMPILATION_CONDITIONS = DEBUG;
				SWIFT_OPTIMIZATION_LEVEL = "-Onone";
			};
			name = Debug;
		};
		1107C08C21E594ED001C6DF2 /* Release */ = {
			isa = XCBuildConfiguration;
			buildSettings = {
				ALWAYS_SEARCH_USER_PATHS = NO;
				CLANG_ANALYZER_NONNULL = YES;
				CLANG_ANALYZER_NUMBER_OBJECT_CONVERSION = YES_AGGRESSIVE;
				CLANG_CXX_LANGUAGE_STANDARD = "gnu++14";
				CLANG_CXX_LIBRARY = "libc++";
				CLANG_ENABLE_MODULES = YES;
				CLANG_ENABLE_OBJC_ARC = YES;
				CLANG_ENABLE_OBJC_WEAK = YES;
				CLANG_WARN_BLOCK_CAPTURE_AUTORELEASING = YES;
				CLANG_WARN_BOOL_CONVERSION = YES;
				CLANG_WARN_COMMA = YES;
				CLANG_WARN_CONSTANT_CONVERSION = YES;
				CLANG_WARN_DEPRECATED_OBJC_IMPLEMENTATIONS = YES;
				CLANG_WARN_DIRECT_OBJC_ISA_USAGE = YES_ERROR;
				CLANG_WARN_DOCUMENTATION_COMMENTS = YES;
				CLANG_WARN_EMPTY_BODY = YES;
				CLANG_WARN_ENUM_CONVERSION = YES;
				CLANG_WARN_INFINITE_RECURSION = YES;
				CLANG_WARN_INT_CONVERSION = YES;
				CLANG_WARN_NON_LITERAL_NULL_CONVERSION = YES;
				CLANG_WARN_OBJC_IMPLICIT_RETAIN_SELF = YES;
				CLANG_WARN_OBJC_LITERAL_CONVERSION = YES;
				CLANG_WARN_OBJC_ROOT_CLASS = YES_ERROR;
				CLANG_WARN_RANGE_LOOP_ANALYSIS = YES;
				CLANG_WARN_STRICT_PROTOTYPES = YES;
				CLANG_WARN_SUSPICIOUS_MOVE = YES;
				CLANG_WARN_UNGUARDED_AVAILABILITY = YES_AGGRESSIVE;
				CLANG_WARN_UNREACHABLE_CODE = YES;
				CLANG_WARN__DUPLICATE_METHOD_MATCH = YES;
				CODE_SIGN_IDENTITY = "iPhone Developer";
				COPY_PHASE_STRIP = NO;
				DEBUG_INFORMATION_FORMAT = "dwarf-with-dsym";
				ENABLE_NS_ASSERTIONS = NO;
				ENABLE_STRICT_OBJC_MSGSEND = YES;
				GCC_C_LANGUAGE_STANDARD = gnu11;
				GCC_NO_COMMON_BLOCKS = YES;
				GCC_WARN_64_TO_32_BIT_CONVERSION = YES;
				GCC_WARN_ABOUT_RETURN_TYPE = YES_ERROR;
				GCC_WARN_UNDECLARED_SELECTOR = YES;
				GCC_WARN_UNINITIALIZED_AUTOS = YES_AGGRESSIVE;
				GCC_WARN_UNUSED_FUNCTION = YES;
				GCC_WARN_UNUSED_VARIABLE = YES;
				IPHONEOS_DEPLOYMENT_TARGET = 12.1;
				MTL_ENABLE_DEBUG_INFO = NO;
				MTL_FAST_MATH = YES;
				SDKROOT = iphoneos;
				SWIFT_COMPILATION_MODE = wholemodule;
				SWIFT_OPTIMIZATION_LEVEL = "-O";
				VALIDATE_PRODUCT = YES;
			};
			name = Release;
		};
		1107C08E21E594ED001C6DF2 /* Debug */ = {
			isa = XCBuildConfiguration;
			buildSettings = {
				ASSETCATALOG_COMPILER_APPICON_NAME = AppIcon;
				CODE_SIGN_STYLE = Automatic;
				INFOPLIST_FILE = "GIF加载/Info.plist";
				LD_RUNPATH_SEARCH_PATHS = (
					"$(inherited)",
					"@executable_path/Frameworks",
				);
				PRODUCT_BUNDLE_IDENTIFIER = "www.henryx.com.GIF--";
				PRODUCT_NAME = "$(TARGET_NAME)";
				SWIFT_VERSION = 4.2;
				TARGETED_DEVICE_FAMILY = "1,2";
			};
			name = Debug;
		};
		1107C08F21E594ED001C6DF2 /* Release */ = {
			isa = XCBuildConfiguration;
			buildSettings = {
				ASSETCATALOG_COMPILER_APPICON_NAME = AppIcon;
				CODE_SIGN_STYLE = Automatic;
				INFOPLIST_FILE = "GIF加载/Info.plist";
				LD_RUNPATH_SEARCH_PATHS = (
					"$(inherited)",
					"@executable_path/Frameworks",
				);
				PRODUCT_BUNDLE_IDENTIFIER = "www.henryx.com.GIF--";
				PRODUCT_NAME = "$(TARGET_NAME)";
				SWIFT_VERSION = 4.2;
				TARGETED_DEVICE_FAMILY = "1,2";
			};
			name = Release;
		};
/* End XCBuildConfiguration section */

/* Begin XCConfigurationList section */
		1107C07621E594EB001C6DF2 /* Build configuration list for PBXProject "GIF加载" */ = {
			isa = XCConfigurationList;
			buildConfigurations = (
				1107C08B21E594ED001C6DF2 /* Debug */,
				1107C08C21E594ED001C6DF2 /* Release */,
			);
			defaultConfigurationIsVisible = 0;
			defaultConfigurationName = Release;
		};
		1107C08D21E594ED001C6DF2 /* Build configuration list for PBXNativeTarget "GIF加载" */ = {
			isa = XCConfigurationList;
			buildConfigurations = (
				1107C08E21E594ED001C6DF2 /* Debug */,
				1107C08F21E594ED001C6DF2 /* Release */,
			);
			defaultConfigurationIsVisible = 0;
			defaultConfigurationName = Release;
		};
/* End XCConfigurationList section */
	};
	rootObject = 1107C07321E594EB001C6DF2 /* Project object */;
}
